
Microsoft Visual Studio Solution File, Format Version 12.00
# Visual Studio 2012
Project("{FAE04EC0-301F-11D3-BF4B-00C04F79EFBC}") = "SignalRChat", "SignalRChat\SignalRChat.csproj", "{0E2D735B-8018-4402-B183-68FDC72E931F}"
EndProject
Project("{FAE04EC0-301F-11D3-BF4B-00C04F79EFBC}") = "BroadcastorService", "BroadcastorService\BroadcastorService.csproj", "{31B59804-8075-4A79-8C44-DF05BD7310F3}"
EndProject
Project("{FAE04EC0-301F-11D3-BF4B-00C04F79EFBC}") = "BroadcastorClient", "BroadcastorClient\BroadcastorClient.csproj", "{C6258B5B-638E-418A-B399-13B1A5F076EA}"
EndProject
Project("{FAE04EC0-301F-11D3-BF4B-00C04F79EFBC}") = "WinFormsClient", "WindowsFormsClient\WinFormsClient.csproj", "{8B8BEBD1-A182-450D-B4EF-DE2E4820D4F8}"
EndProject
Global
	GlobalSection(SolutionConfigurationPlatforms) = preSolution
		Debug|Any CPU = Debug|Any CPU
		Release|Any CPU = Release|Any CPU
	EndGlobalSection
	GlobalSection(ProjectConfigurationPlatforms) = postSolution
		{0E2D735B-8018-4402-B183-68FDC72E931F}.Debug|Any CPU.ActiveCfg = Debug|Any CPU
		{0E2D735B-8018-4402-B183-68FDC72E931F}.Debug|Any CPU.Build.0 = Debug|Any CPU
		{0E2D735B-8018-4402-B183-68FDC72E931F}.Release|Any CPU.ActiveCfg = Release|Any CPU
		{0E2D735B-8018-4402-B183-68FDC72E931F}.Release|Any CPU.Build.0 = Release|Any CPU
		{31B59804-8075-4A79-8C44-DF05BD7310F3}.Debug|Any CPU.ActiveCfg = Debug|Any CPU
		{31B59804-8075-4A79-8C44-DF05BD7310F3}.Debug|Any CPU.Build.0 = Debug|Any CPU
		{31B59804-8075-4A79-8C44-DF05BD7310F3}.Release|Any CPU.ActiveCfg = Release|Any CPU
		{31B59804-8075-4A79-8C44-DF05BD7310F3}.Release|Any CPU.Build.0 = Release|Any CPU
		{C6258B5B-638E-418A-B399-13B1A5F076EA}.Debug|Any CPU.ActiveCfg = Debug|Any CPU
		{C6258B5B-638E-418A-B399-13B1A5F076EA}.Debug|Any CPU.Build.0 = Debug|Any CPU
		{C6258B5B-638E-418A-B399-13B1A5F076EA}.Release|Any CPU.ActiveCfg = Release|Any CPU
		{C6258B5B-638E-418A-B399-13B1A5F076EA}.Release|Any CPU.Build.0 = Release|Any CPU
		{8B8BEBD1-A182-450D-B4EF-DE2E4820D4F8}.Debug|Any CPU.ActiveCfg = Debug|Any CPU
		{8B8BEBD1-A182-450D-B4EF-DE2E4820D4F8}.Debug|Any CPU.Build.0 = Debug|Any CPU
		{8B8BEBD1-A182-450D-B4EF-DE2E4820D4F8}.Release|Any CPU.ActiveCfg = Release|Any CPU
		{8B8BEBD1-A182-450D-B4EF-DE2E4820D4F8}.Release|Any CPU.Build.0 = Release|Any CPU
	EndGlobalSection
	GlobalSection(SolutionProperties) = preSolution
		HideSolutionNode = FALSE
	EndGlobalSection
EndGlobal
